<?xml version="1.0" encoding="utf-8"?>
<Project ToolsVersion="4.0" xmlns="http://schemas.microsoft.com/developer/msbuild/2003">
  <ItemGroup>
    <Filter Include="headers">
      <UniqueIdentifier>{60abf7a4-9db5-4a56-ae89-7140b9f8b4be}</UniqueIdentifier>
    </Filter>
    <Filter Include="src">
      <UniqueIdentifier>{44d7ba2e-8954-4380-bac1-846532987b2d}</UniqueIdentifier>
    </Filter>
  </ItemGroup>
  <ItemGroup>
    <ClInclude Include="card.h">
      <Filter>headers</Filter>
    </ClInclude>
    <ClInclude Include="expense.h">
      <Filter>headers</Filter>
    </ClInclude>
    <ClInclude Include="wallet.h">
      <Filter>headers</Filter>
    </ClInclude>
  </ItemGroup>
  <ItemGroup>
    <ClCompile Include="card.cpp">
      <Filter>src</Filter>
    </ClCompile>
    <ClCompile Include="expense.cpp">
      <Filter>src</Filter>
    </ClCompile>
    <ClCompile Include="wallet.cpp">
      <Filter>src</Filter>
    </ClCompile>
    <ClCompile Include="main.cpp" />
  </ItemGroup>
</Project>